<?xml version="1.0" encoding="utf-8"?>
<Project ToolsVersion="4.0" xmlns="http://schemas.microsoft.com/developer/msbuild/2003">
  <ItemGroup>
    <Filter Include="Source Files">
      <UniqueIdentifier>{5a5c598f-8cdd-4466-8b16-55c978252550}</UniqueIdentifier>
      <Extensions>cpp;c;cc;cxx;def;odl;idl;hpj;bat;asm;asmx</Extensions>
    </Filter>
    <Filter Include="Header Files">
      <UniqueIdentifier>{f44965a9-6fdb-4250-8a2b-88821e9177c4}</UniqueIdentifier>
      <Extensions>h;hpp;hxx;hm;inl;inc;xsd</Extensions>
    </Filter>
  </ItemGroup>
  <ItemGroup>
    <ClCompile Include="DbFace.cpp">
      <Filter>Source Files</Filter>
    </ClCompile>
    <ClCompile Include="MsSqlHandle.cpp">
      <Filter>Source Files</Filter>
    </ClCompile>
    <ClCompile Include="MsSqlImp.cpp">
      <Filter>Source Files</Filter>
    </ClCompile>
    <ClCompile Include="ProductDetails.cpp">
      <Filter>Source Files</Filter>
    </ClCompile>
    <ClCompile Include="Markup.cpp">
      <Filter>Source Files</Filter>
    </ClCompile>
    <ClCompile Include="ContentDB.cpp">
      <Filter>Source Files</Filter>
    </ClCompile>
    <ClCompile Include="ContributorDB.cpp">
      <Filter>Source Files</Filter>
    </ClCompile>
    <ClCompile Include="BisacDB.cpp">
      <Filter>Source Files</Filter>
    </ClCompile>
    <ClCompile Include="CategoryDB.cpp">
      <Filter>Source Files</Filter>
    </ClCompile>
  </ItemGroup>
  <ItemGroup>
    <ClInclude Include="DbFace.h">
      <Filter>Header Files</Filter>
    </ClInclude>
    <ClInclude Include="MsSqlHandle.h">
      <Filter>Header Files</Filter>
    </ClInclude>
    <ClInclude Include="MsSqlImp.h">
      <Filter>Header Files</Filter>
    </ClInclude>
    <ClInclude Include="stdafx.h">
      <Filter>Header Files</Filter>
    </ClInclude>
    <ClInclude Include="Markup.h">
      <Filter>Header Files</Filter>
    </ClInclude>
    <ClInclude Include="SlapOut.h">
      <Filter>Header Files</Filter>
    </ClInclude>
    <ClInclude Include="ContentDB.h">
      <Filter>Header Files</Filter>
    </ClInclude>
    <ClInclude Include="ContributorDB.h">
      <Filter>Header Files</Filter>
    </ClInclude>
    <ClInclude Include="BisacDB.h">
      <Filter>Header Files</Filter>
    </ClInclude>
    <ClInclude Include="CategoryDB.h">
      <Filter>Header Files</Filter>
    </ClInclude>
  </ItemGroup>
  <ItemGroup>
    <None Include="ReadMe.txt" />
    <None Include="AA_Web.config" />
    <None Include="DDR_Web.config" />
  </ItemGroup>
</Project>